
Microsoft Visual Studio Solution File, Format Version 12.00
Project("{2150E333-8FDC-42A3-9474-1A3956D46DE8}") = "src", "src", "{46BB65D5-96EC-4D2C-8AFE-776EFBCBA44A}"
EndProject
Project("{FAE04EC0-301F-11D3-BF4B-00C04F79EFBC}") = "Common", "Common\Common.csproj", "{F12F016F-885A-437D-8BEA-27039160689F}"
EndProject
Project("{FAE04EC0-301F-11D3-BF4B-00C04F79EFBC}") = "Desktop", "Desktop\Desktop.csproj", "{4EA8CD0B-AFB5-41E6-8E71-9B6E4AF4A34F}"
EndProject
Project("{2150E333-8FDC-42A3-9474-1A3956D46DE8}") = "docs", "docs", "{6F1B7BFA-68DD-48BD-BBE2-57F668B77B1E}"
EndProject
Project("{FAE04EC0-301F-11D3-BF4B-00C04F79EFBC}") = "docs", "docs\docs.csproj", "{7585A27B-9052-456D-8689-1EA56E39BF67}"
EndProject
Project("{2150E333-8FDC-42A3-9474-1A3956D46DE8}") = "tests", "tests", "{1BCE61F6-D0A3-4C31-9617-B93321F1246D}"
EndProject
Project("{FAE04EC0-301F-11D3-BF4B-00C04F79EFBC}") = "UseCases.UnitTests", "UseCases.UnitTests\UseCases.UnitTests.csproj", "{23F06AEA-1D6C-4A80-92CA-143B5E8BEBE2}"
EndProject
Global
	GlobalSection(SolutionConfigurationPlatforms) = preSolution
		Debug|Any CPU = Debug|Any CPU
		Release|Any CPU = Release|Any CPU
	EndGlobalSection
	GlobalSection(ProjectConfigurationPlatforms) = postSolution
		{F12F016F-885A-437D-8BEA-27039160689F}.Debug|Any CPU.ActiveCfg = Debug|Any CPU
		{F12F016F-885A-437D-8BEA-27039160689F}.Debug|Any CPU.Build.0 = Debug|Any CPU
		{F12F016F-885A-437D-8BEA-27039160689F}.Release|Any CPU.ActiveCfg = Release|Any CPU
		{F12F016F-885A-437D-8BEA-27039160689F}.Release|Any CPU.Build.0 = Release|Any CPU
		{4EA8CD0B-AFB5-41E6-8E71-9B6E4AF4A34F}.Debug|Any CPU.ActiveCfg = Debug|Any CPU
		{4EA8CD0B-AFB5-41E6-8E71-9B6E4AF4A34F}.Debug|Any CPU.Build.0 = Debug|Any CPU
		{4EA8CD0B-AFB5-41E6-8E71-9B6E4AF4A34F}.Release|Any CPU.ActiveCfg = Release|Any CPU
		{4EA8CD0B-AFB5-41E6-8E71-9B6E4AF4A34F}.Release|Any CPU.Build.0 = Release|Any CPU
		{7585A27B-9052-456D-8689-1EA56E39BF67}.Debug|Any CPU.ActiveCfg = Debug|Any CPU
		{7585A27B-9052-456D-8689-1EA56E39BF67}.Debug|Any CPU.Build.0 = Debug|Any CPU
		{7585A27B-9052-456D-8689-1EA56E39BF67}.Release|Any CPU.ActiveCfg = Release|Any CPU
		{7585A27B-9052-456D-8689-1EA56E39BF67}.Release|Any CPU.Build.0 = Release|Any CPU
		{23F06AEA-1D6C-4A80-92CA-143B5E8BEBE2}.Debug|Any CPU.ActiveCfg = Debug|Any CPU
		{23F06AEA-1D6C-4A80-92CA-143B5E8BEBE2}.Debug|Any CPU.Build.0 = Debug|Any CPU
		{23F06AEA-1D6C-4A80-92CA-143B5E8BEBE2}.Release|Any CPU.ActiveCfg = Release|Any CPU
		{23F06AEA-1D6C-4A80-92CA-143B5E8BEBE2}.Release|Any CPU.Build.0 = Release|Any CPU
	EndGlobalSection
	GlobalSection(NestedProjects) = preSolution
		{F12F016F-885A-437D-8BEA-27039160689F} = {46BB65D5-96EC-4D2C-8AFE-776EFBCBA44A}
		{4EA8CD0B-AFB5-41E6-8E71-9B6E4AF4A34F} = {46BB65D5-96EC-4D2C-8AFE-776EFBCBA44A}
		{7585A27B-9052-456D-8689-1EA56E39BF67} = {6F1B7BFA-68DD-48BD-BBE2-57F668B77B1E}
		{23F06AEA-1D6C-4A80-92CA-143B5E8BEBE2} = {1BCE61F6-D0A3-4C31-9617-B93321F1246D}
	EndGlobalSection
EndGlobal
