
Microsoft Visual Studio Solution File, Format Version 12.00
Project("{2150E333-8FDC-42A3-9474-1A3956D46DE8}") = "src", "src", "{46BB65D5-96EC-4D2C-8AFE-776EFBCBA44A}"
EndProject
Project("{FAE04EC0-301F-11D3-BF4B-00C04F79EFBC}") = "Domain", "Domain\Domain.csproj", "{392A587B-75A6-4271-9B18-A86223231911}"
EndProject
Project("{FAE04EC0-301F-11D3-BF4B-00C04F79EFBC}") = "UseCases", "UseCases\UseCases.csproj", "{9CD7DE74-536A-4F61-B9CC-8187F9F1C96D}"
EndProject
Project("{FAE04EC0-301F-11D3-BF4B-00C04F79EFBC}") = "Common", "Common\Common.csproj", "{F12F016F-885A-437D-8BEA-27039160689F}"
EndProject
Project("{FAE04EC0-301F-11D3-BF4B-00C04F79EFBC}") = "Data", "Data\Data.csproj", "{28187B5C-D3C9-4D7C-844B-7AE3DD2FA074}"
EndProject
Project("{FAE04EC0-301F-11D3-BF4B-00C04F79EFBC}") = "Api", "Api\Api.csproj", "{2E6A7EE4-5806-4AEF-8A0D-0EA79DF4946B}"
EndProject
Project("{FAE04EC0-301F-11D3-BF4B-00C04F79EFBC}") = "Desktop", "Desktop\Desktop.csproj", "{4EA8CD0B-AFB5-41E6-8E71-9B6E4AF4A34F}"
EndProject
Global
	GlobalSection(SolutionConfigurationPlatforms) = preSolution
		Debug|Any CPU = Debug|Any CPU
		Release|Any CPU = Release|Any CPU
	EndGlobalSection
	GlobalSection(ProjectConfigurationPlatforms) = postSolution
		{392A587B-75A6-4271-9B18-A86223231911}.Debug|Any CPU.ActiveCfg = Debug|Any CPU
		{392A587B-75A6-4271-9B18-A86223231911}.Debug|Any CPU.Build.0 = Debug|Any CPU
		{392A587B-75A6-4271-9B18-A86223231911}.Release|Any CPU.ActiveCfg = Release|Any CPU
		{392A587B-75A6-4271-9B18-A86223231911}.Release|Any CPU.Build.0 = Release|Any CPU
		{9CD7DE74-536A-4F61-B9CC-8187F9F1C96D}.Debug|Any CPU.ActiveCfg = Debug|Any CPU
		{9CD7DE74-536A-4F61-B9CC-8187F9F1C96D}.Debug|Any CPU.Build.0 = Debug|Any CPU
		{9CD7DE74-536A-4F61-B9CC-8187F9F1C96D}.Release|Any CPU.ActiveCfg = Release|Any CPU
		{9CD7DE74-536A-4F61-B9CC-8187F9F1C96D}.Release|Any CPU.Build.0 = Release|Any CPU
		{F12F016F-885A-437D-8BEA-27039160689F}.Debug|Any CPU.ActiveCfg = Debug|Any CPU
		{F12F016F-885A-437D-8BEA-27039160689F}.Debug|Any CPU.Build.0 = Debug|Any CPU
		{F12F016F-885A-437D-8BEA-27039160689F}.Release|Any CPU.ActiveCfg = Release|Any CPU
		{F12F016F-885A-437D-8BEA-27039160689F}.Release|Any CPU.Build.0 = Release|Any CPU
		{28187B5C-D3C9-4D7C-844B-7AE3DD2FA074}.Debug|Any CPU.ActiveCfg = Debug|Any CPU
		{28187B5C-D3C9-4D7C-844B-7AE3DD2FA074}.Debug|Any CPU.Build.0 = Debug|Any CPU
		{28187B5C-D3C9-4D7C-844B-7AE3DD2FA074}.Release|Any CPU.ActiveCfg = Release|Any CPU
		{28187B5C-D3C9-4D7C-844B-7AE3DD2FA074}.Release|Any CPU.Build.0 = Release|Any CPU
		{2E6A7EE4-5806-4AEF-8A0D-0EA79DF4946B}.Debug|Any CPU.ActiveCfg = Debug|Any CPU
		{2E6A7EE4-5806-4AEF-8A0D-0EA79DF4946B}.Debug|Any CPU.Build.0 = Debug|Any CPU
		{2E6A7EE4-5806-4AEF-8A0D-0EA79DF4946B}.Release|Any CPU.ActiveCfg = Release|Any CPU
		{2E6A7EE4-5806-4AEF-8A0D-0EA79DF4946B}.Release|Any CPU.Build.0 = Release|Any CPU
		{4EA8CD0B-AFB5-41E6-8E71-9B6E4AF4A34F}.Debug|Any CPU.ActiveCfg = Debug|Any CPU
		{4EA8CD0B-AFB5-41E6-8E71-9B6E4AF4A34F}.Debug|Any CPU.Build.0 = Debug|Any CPU
		{4EA8CD0B-AFB5-41E6-8E71-9B6E4AF4A34F}.Release|Any CPU.ActiveCfg = Release|Any CPU
		{4EA8CD0B-AFB5-41E6-8E71-9B6E4AF4A34F}.Release|Any CPU.Build.0 = Release|Any CPU
	EndGlobalSection
	GlobalSection(NestedProjects) = preSolution
		{392A587B-75A6-4271-9B18-A86223231911} = {46BB65D5-96EC-4D2C-8AFE-776EFBCBA44A}
		{9CD7DE74-536A-4F61-B9CC-8187F9F1C96D} = {46BB65D5-96EC-4D2C-8AFE-776EFBCBA44A}
		{F12F016F-885A-437D-8BEA-27039160689F} = {46BB65D5-96EC-4D2C-8AFE-776EFBCBA44A}
		{28187B5C-D3C9-4D7C-844B-7AE3DD2FA074} = {46BB65D5-96EC-4D2C-8AFE-776EFBCBA44A}
		{2E6A7EE4-5806-4AEF-8A0D-0EA79DF4946B} = {46BB65D5-96EC-4D2C-8AFE-776EFBCBA44A}
		{4EA8CD0B-AFB5-41E6-8E71-9B6E4AF4A34F} = {46BB65D5-96EC-4D2C-8AFE-776EFBCBA44A}
	EndGlobalSection
EndGlobal
